
Microsoft Visual Studio Solution File, Format Version 12.00
# Visual Studio Version 17
VisualStudioVersion = 17.5.002.0
MinimumVisualStudioVersion = 10.0.40219.1
Project("{9A19103F-16F7-4668-BE54-9A1E7A4F7556}") = "API", "API.csproj", "{BB2A0ACB-5B0F-428F-945D-DF04928F9FD9}"
EndProject
Global
	GlobalSection(SolutionConfigurationPlatforms) = preSolution
		Debug|Any CPU = Debug|Any CPU
		Release|Any CPU = Release|Any CPU
	EndGlobalSection
	GlobalSection(ProjectConfigurationPlatforms) = postSolution
		{BB2A0ACB-5B0F-428F-945D-DF04928F9FD9}.Debug|Any CPU.ActiveCfg = Debug|Any CPU
		{BB2A0ACB-5B0F-428F-945D-DF04928F9FD9}.Debug|Any CPU.Build.0 = Debug|Any CPU
		{BB2A0ACB-5B0F-428F-945D-DF04928F9FD9}.Release|Any CPU.ActiveCfg = Release|Any CPU
		{BB2A0ACB-5B0F-428F-945D-DF04928F9FD9}.Release|Any CPU.Build.0 = Release|Any CPU
	EndGlobalSection
	GlobalSection(SolutionProperties) = preSolution
		HideSolutionNode = FALSE
	EndGlobalSection
	GlobalSection(ExtensibilityGlobals) = postSolution
		SolutionGuid = {0EBA7B1B-CA87-41FE-BA39-5EF3E0174FF6}
	EndGlobalSection
EndGlobal
